
Microsoft Visual Studio Solution File, Format Version 12.00
# Visual Studio Version 17
VisualStudioVersion = 17.4.33122.133
MinimumVisualStudioVersion = 10.0.40219.1
Project("{9A19103F-16F7-4668-BE54-9A1E7A4F7556}") = "MatVec", "MatVec\MatVec.csproj", "{3F968673-B126-4A01-A26D-D3D430309DCE}"
EndProject
Project("{9A19103F-16F7-4668-BE54-9A1E7A4F7556}") = "ConsoleApp", "ConsoleApp\ConsoleApp.csproj", "{B7365A69-2E8D-4309-A35D-4C42EF0D815C}"
EndProject
Project("{9A19103F-16F7-4668-BE54-9A1E7A4F7556}") = "GUIApp", "GUIApp\GUIApp.csproj", "{8DE4F189-AB44-4F8A-9332-3268B1BB588E}"
EndProject
Project("{FAE04EC0-301F-11D3-BF4B-00C04F79EFBC}") = "CommandsLib", "CommandsLib\CommandsLib.csproj", "{CCC144A0-EF3D-43C4-B5C1-71027AF7D195}"
EndProject
Global
	GlobalSection(SolutionConfigurationPlatforms) = preSolution
		Debug|Any CPU = Debug|Any CPU
		Release|Any CPU = Release|Any CPU
	EndGlobalSection
	GlobalSection(ProjectConfigurationPlatforms) = postSolution
		{3F968673-B126-4A01-A26D-D3D430309DCE}.Debug|Any CPU.ActiveCfg = Debug|Any CPU
		{3F968673-B126-4A01-A26D-D3D430309DCE}.Debug|Any CPU.Build.0 = Debug|Any CPU
		{3F968673-B126-4A01-A26D-D3D430309DCE}.Release|Any CPU.ActiveCfg = Release|Any CPU
		{3F968673-B126-4A01-A26D-D3D430309DCE}.Release|Any CPU.Build.0 = Release|Any CPU
		{B7365A69-2E8D-4309-A35D-4C42EF0D815C}.Debug|Any CPU.ActiveCfg = Debug|Any CPU
		{B7365A69-2E8D-4309-A35D-4C42EF0D815C}.Debug|Any CPU.Build.0 = Debug|Any CPU
		{B7365A69-2E8D-4309-A35D-4C42EF0D815C}.Release|Any CPU.ActiveCfg = Release|Any CPU
		{B7365A69-2E8D-4309-A35D-4C42EF0D815C}.Release|Any CPU.Build.0 = Release|Any CPU
		{8DE4F189-AB44-4F8A-9332-3268B1BB588E}.Debug|Any CPU.ActiveCfg = Debug|Any CPU
		{8DE4F189-AB44-4F8A-9332-3268B1BB588E}.Debug|Any CPU.Build.0 = Debug|Any CPU
		{8DE4F189-AB44-4F8A-9332-3268B1BB588E}.Release|Any CPU.ActiveCfg = Release|Any CPU
		{8DE4F189-AB44-4F8A-9332-3268B1BB588E}.Release|Any CPU.Build.0 = Release|Any CPU
		{CCC144A0-EF3D-43C4-B5C1-71027AF7D195}.Debug|Any CPU.ActiveCfg = Debug|Any CPU
		{CCC144A0-EF3D-43C4-B5C1-71027AF7D195}.Debug|Any CPU.Build.0 = Debug|Any CPU
		{CCC144A0-EF3D-43C4-B5C1-71027AF7D195}.Release|Any CPU.ActiveCfg = Release|Any CPU
		{CCC144A0-EF3D-43C4-B5C1-71027AF7D195}.Release|Any CPU.Build.0 = Release|Any CPU
	EndGlobalSection
	GlobalSection(SolutionProperties) = preSolution
		HideSolutionNode = FALSE
	EndGlobalSection
	GlobalSection(ExtensibilityGlobals) = postSolution
		SolutionGuid = {F5C82D06-A2F6-4337-B437-E49E5368246C}
	EndGlobalSection
EndGlobal
